
Microsoft Visual Studio Solution File, Format Version 12.00
# Visual Studio Version 17
VisualStudioVersion = 17.14.36202.13
MinimumVisualStudioVersion = 10.0.40219.1
Project("{FAE04EC0-301F-11D3-BF4B-00C04F79EFBC}") = "Oscilloscope", "RigolViewer\Oscilloscope.csproj", "{3D127AAF-D16F-4C33-A3B5-263929AB9C9B}"
EndProject
Global
	GlobalSection(SolutionConfigurationPlatforms) = preSolution
		Debug|Any CPU = Debug|Any CPU
		Release|Any CPU = Release|Any CPU
	EndGlobalSection
	GlobalSection(ProjectConfigurationPlatforms) = postSolution
		{3D127AAF-D16F-4C33-A3B5-263929AB9C9B}.Debug|Any CPU.ActiveCfg = Debug|Any CPU
		{3D127AAF-D16F-4C33-A3B5-263929AB9C9B}.Debug|Any CPU.Build.0 = Debug|Any CPU
		{3D127AAF-D16F-4C33-A3B5-263929AB9C9B}.Release|Any CPU.ActiveCfg = Release|Any CPU
		{3D127AAF-D16F-4C33-A3B5-263929AB9C9B}.Release|Any CPU.Build.0 = Release|Any CPU
	EndGlobalSection
	GlobalSection(SolutionProperties) = preSolution
		HideSolutionNode = FALSE
	EndGlobalSection
	GlobalSection(ExtensibilityGlobals) = postSolution
		SolutionGuid = {206B0357-D678-4794-90C9-3821BB614E95}
	EndGlobalSection
EndGlobal
